
Microsoft Visual Studio Solution File, Format Version 12.00
Project("{FAE04EC0-301F-11D3-BF4B-00C04F79EFBC}") = "UserLoginApp", "UserLoginApp\UserLoginApp.csproj", "{973E857E-AD4A-47F5-BE4C-8F4E8EE3A9DD}"
EndProject
Global
	GlobalSection(SolutionConfigurationPlatforms) = preSolution
		Debug|Any CPU = Debug|Any CPU
		Release|Any CPU = Release|Any CPU
	EndGlobalSection
	GlobalSection(ProjectConfigurationPlatforms) = postSolution
		{973E857E-AD4A-47F5-BE4C-8F4E8EE3A9DD}.Debug|Any CPU.ActiveCfg = Debug|Any CPU
		{973E857E-AD4A-47F5-BE4C-8F4E8EE3A9DD}.Debug|Any CPU.Build.0 = Debug|Any CPU
		{973E857E-AD4A-47F5-BE4C-8F4E8EE3A9DD}.Release|Any CPU.ActiveCfg = Release|Any CPU
		{973E857E-AD4A-47F5-BE4C-8F4E8EE3A9DD}.Release|Any CPU.Build.0 = Release|Any CPU
	EndGlobalSection
EndGlobal
